# THIS IS AN AUTOGENERATED FILE. DO NOT EDIT THIS FILE DIRECTLY.
# yarn lockfile v1


bootstrap@3:
  version "3.4.1"
  resolved "https://registry.yarnpkg.com/bootstrap/-/bootstrap-3.4.1.tgz#c3a347d419e289ad11f4033e3c4132b87c081d72"
  integrity sha512-yN5oZVmRCwe5aKwzRj6736nSmKDX7pLYwsXiCj/EYmo16hODaBiT4En5btW/jhBF/seV+XMx3aYwukYC3A49DA==

jquery@^3.5.1:
  version "3.5.1"
  resolved "https://registry.yarnpkg.com/jquery/-/jquery-3.5.1.tgz#d7b4d08e1bfdb86ad2f1a3d039ea17304717abb5"
  integrity sha512-XwIBPqcMn57FxfT+Go5pzySnm4KWkT1Tv7gjrpT1srtf8Weynl6R273VJ5GjkRb51IzMp5nbaPjJXMWeju2MKg==

underscore.string@1.1.6:
  version "1.1.6"
  resolved "https://registry.yarnpkg.com/underscore.string/-/underscore.string-1.1.6.tgz#e7dca073ccd945515a6a69e7af484aee4e52cdc9"
  integrity sha1-59ygc8zZRVFaamnnr0hK7k5Szck=
  dependencies:
    underscore "1.1.7"

underscore@1.1.7:
  version "1.1.7"
  resolved "https://registry.yarnpkg.com/underscore/-/underscore-1.1.7.tgz#40bab84bad19d230096e8d6ef628bff055d83db0"
  integrity sha1-QLq4S60Z0jAJbo1u9ii/8FXYPbA=

underscore@1.2.1:
  version "1.2.1"
  resolved "https://registry.yarnpkg.com/underscore/-/underscore-1.2.1.tgz#fc5c6b0765673d92a2d4ac8b4dc0aa88702e2bd4"
  integrity sha1-/FxrB2VnPZKi1KyLTcCqiHAuK9Q=

uquery@^0.0.1:
  version "0.0.1"
  resolved "https://registry.yarnpkg.com/uquery/-/uquery-0.0.1.tgz#0f52e12d2d2f0b2a44f9c34473ec5fd71e8366c9"
  integrity sha1-D1LhLS0vCypE+cNEc+xf1x6DZsk=
  dependencies:
    underscore "1.2.1"
    underscore.string "1.1.6"
